<Solution>
  <Folder Name="/Solution Items/">
    <File Path="docker-compose.yml" />
  </Folder>
  <Project Path="PRN232.LMS.API/PRN232.LMS.API.csproj" />
  <Project Path="PRN232.LMS.Repositories/PRN232.LMS.Repositories.csproj" />
  <Project Path="PRN232.LMS.Services/PRN232.LMS.Services.csproj" />
</Solution>
